
Microsoft Visual Studio Solution File, Format Version 11.00
# Visual Studio 2010
Project("{FAE04EC0-301F-11D3-BF4B-00C04F79EFBC}") = "BandAid", "BandAid\BandAid.csproj", "{F3DAB76E-F46D-455C-8D48-58B04F9836A1}"
EndProject
Project("{FAE04EC0-301F-11D3-BF4B-00C04F79EFBC}") = "BandAidTests", "BandAidTests\BandAidTests.csproj", "{DEE68B89-F56E-4DC5-A7FF-7D6EAD402093}"
EndProject
Project("{FAE04EC0-301F-11D3-BF4B-00C04F79EFBC}") = "BandAid.iOS", "BandAid.iOS\BandAid.iOS.csproj", "{02BC4770-85BD-492E-8ED1-E6A37A9A3B73}"
EndProject
Global
	GlobalSection(SolutionConfigurationPlatforms) = preSolution
		Debug|Any CPU = Debug|Any CPU
		Release|Any CPU = Release|Any CPU
		Debug|iPhoneSimulator = Debug|iPhoneSimulator
		Release|iPhoneSimulator = Release|iPhoneSimulator
		Debug|iPhone = Debug|iPhone
		Release|iPhone = Release|iPhone
		Ad-Hoc|iPhone = Ad-Hoc|iPhone
		AppStore|iPhone = AppStore|iPhone
	EndGlobalSection
	GlobalSection(ProjectConfigurationPlatforms) = postSolution
		{02BC4770-85BD-492E-8ED1-E6A37A9A3B73}.Ad-Hoc|iPhone.ActiveCfg = Ad-Hoc|iPhone
		{02BC4770-85BD-492E-8ED1-E6A37A9A3B73}.Ad-Hoc|iPhone.Build.0 = Ad-Hoc|iPhone
		{02BC4770-85BD-492E-8ED1-E6A37A9A3B73}.AppStore|iPhone.ActiveCfg = AppStore|iPhone
		{02BC4770-85BD-492E-8ED1-E6A37A9A3B73}.AppStore|iPhone.Build.0 = AppStore|iPhone
		{02BC4770-85BD-492E-8ED1-E6A37A9A3B73}.Debug|Any CPU.ActiveCfg = Debug|iPhoneSimulator
		{02BC4770-85BD-492E-8ED1-E6A37A9A3B73}.Debug|Any CPU.Build.0 = Debug|iPhoneSimulator
		{02BC4770-85BD-492E-8ED1-E6A37A9A3B73}.Debug|iPhone.ActiveCfg = Debug|iPhone
		{02BC4770-85BD-492E-8ED1-E6A37A9A3B73}.Debug|iPhone.Build.0 = Debug|iPhone
		{02BC4770-85BD-492E-8ED1-E6A37A9A3B73}.Debug|iPhoneSimulator.ActiveCfg = Debug|iPhoneSimulator
		{02BC4770-85BD-492E-8ED1-E6A37A9A3B73}.Debug|iPhoneSimulator.Build.0 = Debug|iPhoneSimulator
		{02BC4770-85BD-492E-8ED1-E6A37A9A3B73}.Release|Any CPU.ActiveCfg = Release|iPhoneSimulator
		{02BC4770-85BD-492E-8ED1-E6A37A9A3B73}.Release|Any CPU.Build.0 = Release|iPhoneSimulator
		{02BC4770-85BD-492E-8ED1-E6A37A9A3B73}.Release|iPhone.ActiveCfg = Release|iPhone
		{02BC4770-85BD-492E-8ED1-E6A37A9A3B73}.Release|iPhone.Build.0 = Release|iPhone
		{02BC4770-85BD-492E-8ED1-E6A37A9A3B73}.Release|iPhoneSimulator.ActiveCfg = Release|iPhoneSimulator
		{02BC4770-85BD-492E-8ED1-E6A37A9A3B73}.Release|iPhoneSimulator.Build.0 = Release|iPhoneSimulator
		{DEE68B89-F56E-4DC5-A7FF-7D6EAD402093}.Ad-Hoc|iPhone.ActiveCfg = Debug|Any CPU
		{DEE68B89-F56E-4DC5-A7FF-7D6EAD402093}.Ad-Hoc|iPhone.Build.0 = Debug|Any CPU
		{DEE68B89-F56E-4DC5-A7FF-7D6EAD402093}.AppStore|iPhone.ActiveCfg = Debug|Any CPU
		{DEE68B89-F56E-4DC5-A7FF-7D6EAD402093}.AppStore|iPhone.Build.0 = Debug|Any CPU
		{DEE68B89-F56E-4DC5-A7FF-7D6EAD402093}.Debug|Any CPU.ActiveCfg = Debug|Any CPU
		{DEE68B89-F56E-4DC5-A7FF-7D6EAD402093}.Debug|Any CPU.Build.0 = Debug|Any CPU
		{DEE68B89-F56E-4DC5-A7FF-7D6EAD402093}.Debug|iPhone.ActiveCfg = Debug|Any CPU
		{DEE68B89-F56E-4DC5-A7FF-7D6EAD402093}.Debug|iPhone.Build.0 = Debug|Any CPU
		{DEE68B89-F56E-4DC5-A7FF-7D6EAD402093}.Debug|iPhoneSimulator.ActiveCfg = Debug|Any CPU
		{DEE68B89-F56E-4DC5-A7FF-7D6EAD402093}.Debug|iPhoneSimulator.Build.0 = Debug|Any CPU
		{DEE68B89-F56E-4DC5-A7FF-7D6EAD402093}.Release|Any CPU.ActiveCfg = Release|Any CPU
		{DEE68B89-F56E-4DC5-A7FF-7D6EAD402093}.Release|Any CPU.Build.0 = Release|Any CPU
		{DEE68B89-F56E-4DC5-A7FF-7D6EAD402093}.Release|iPhone.ActiveCfg = Release|Any CPU
		{DEE68B89-F56E-4DC5-A7FF-7D6EAD402093}.Release|iPhone.Build.0 = Release|Any CPU
		{DEE68B89-F56E-4DC5-A7FF-7D6EAD402093}.Release|iPhoneSimulator.ActiveCfg = Release|Any CPU
		{DEE68B89-F56E-4DC5-A7FF-7D6EAD402093}.Release|iPhoneSimulator.Build.0 = Release|Any CPU
		{F3DAB76E-F46D-455C-8D48-58B04F9836A1}.Ad-Hoc|iPhone.ActiveCfg = Debug|Any CPU
		{F3DAB76E-F46D-455C-8D48-58B04F9836A1}.Ad-Hoc|iPhone.Build.0 = Debug|Any CPU
		{F3DAB76E-F46D-455C-8D48-58B04F9836A1}.AppStore|iPhone.ActiveCfg = Debug|Any CPU
		{F3DAB76E-F46D-455C-8D48-58B04F9836A1}.AppStore|iPhone.Build.0 = Debug|Any CPU
		{F3DAB76E-F46D-455C-8D48-58B04F9836A1}.Debug|Any CPU.ActiveCfg = Debug|Any CPU
		{F3DAB76E-F46D-455C-8D48-58B04F9836A1}.Debug|Any CPU.Build.0 = Debug|Any CPU
		{F3DAB76E-F46D-455C-8D48-58B04F9836A1}.Debug|iPhone.ActiveCfg = Debug|Any CPU
		{F3DAB76E-F46D-455C-8D48-58B04F9836A1}.Debug|iPhone.Build.0 = Debug|Any CPU
		{F3DAB76E-F46D-455C-8D48-58B04F9836A1}.Debug|iPhoneSimulator.ActiveCfg = Debug|Any CPU
		{F3DAB76E-F46D-455C-8D48-58B04F9836A1}.Debug|iPhoneSimulator.Build.0 = Debug|Any CPU
		{F3DAB76E-F46D-455C-8D48-58B04F9836A1}.Release|Any CPU.ActiveCfg = Release|Any CPU
		{F3DAB76E-F46D-455C-8D48-58B04F9836A1}.Release|Any CPU.Build.0 = Release|Any CPU
		{F3DAB76E-F46D-455C-8D48-58B04F9836A1}.Release|iPhone.ActiveCfg = Release|Any CPU
		{F3DAB76E-F46D-455C-8D48-58B04F9836A1}.Release|iPhone.Build.0 = Release|Any CPU
		{F3DAB76E-F46D-455C-8D48-58B04F9836A1}.Release|iPhoneSimulator.ActiveCfg = Release|Any CPU
		{F3DAB76E-F46D-455C-8D48-58B04F9836A1}.Release|iPhoneSimulator.Build.0 = Release|Any CPU
	EndGlobalSection
	GlobalSection(MonoDevelopProperties) = preSolution
		StartupItem = BandAid.iOS\BandAid.iOS.csproj
		Policies = $0
		$0.TextStylePolicy = $1
		$1.FileWidth = 100
		$1.EolMarker = Windows
		$1.inheritsSet = VisualStudio
		$1.inheritsScope = text/plain
		$1.scope = text/x-csharp
		$0.CSharpFormattingPolicy = $2
		$2.IndentSwitchBody = True
		$2.IndentBlocksInsideExpressions = True
		$2.AnonymousMethodBraceStyle = NextLine
		$2.PropertyBraceStyle = NextLine
		$2.PropertyGetBraceStyle = NextLine
		$2.PropertySetBraceStyle = NextLine
		$2.EventBraceStyle = NextLine
		$2.EventAddBraceStyle = NextLine
		$2.EventRemoveBraceStyle = NextLine
		$2.StatementBraceStyle = NextLine
		$2.ElseNewLinePlacement = NewLine
		$2.CatchNewLinePlacement = NewLine
		$2.FinallyNewLinePlacement = NewLine
		$2.WhileNewLinePlacement = DoNotCare
		$2.EmbeddedStatementPlacement = DoNotCare
		$2.ArrayInitializerWrapping = DoNotChange
		$2.ArrayInitializerBraceStyle = NextLine
		$2.BeforeMethodDeclarationParentheses = False
		$2.BeforeMethodCallParentheses = False
		$2.BeforeConstructorDeclarationParentheses = False
		$2.NewLineBeforeConstructorInitializerColon = NewLine
		$2.NewLineAfterConstructorInitializerColon = SameLine
		$2.BeforeDelegateDeclarationParentheses = False
		$2.NewParentheses = False
		$2.SpacesBeforeBrackets = False
		$2.inheritsSet = Mono
		$2.inheritsScope = text/x-csharp
		$2.scope = text/x-csharp
	EndGlobalSection
EndGlobal
